
Microsoft Visual Studio Solution File, Format Version 12.00
# Visual Studio Version 17
VisualStudioVersion = 17.5.002.0
MinimumVisualStudioVersion = 10.0.40219.1
Project("{9A19103F-16F7-4668-BE54-9A1E7A4F7556}") = "Functions", "Functions.csproj", "{24AD152E-B270-4F71-8E8A-1022B7478E49}"
EndProject
Global
	GlobalSection(SolutionConfigurationPlatforms) = preSolution
		Debug|Any CPU = Debug|Any CPU
		Release|Any CPU = Release|Any CPU
	EndGlobalSection
	GlobalSection(ProjectConfigurationPlatforms) = postSolution
		{24AD152E-B270-4F71-8E8A-1022B7478E49}.Debug|Any CPU.ActiveCfg = Debug|Any CPU
		{24AD152E-B270-4F71-8E8A-1022B7478E49}.Debug|Any CPU.Build.0 = Debug|Any CPU
		{24AD152E-B270-4F71-8E8A-1022B7478E49}.Release|Any CPU.ActiveCfg = Release|Any CPU
		{24AD152E-B270-4F71-8E8A-1022B7478E49}.Release|Any CPU.Build.0 = Release|Any CPU
	EndGlobalSection
	GlobalSection(SolutionProperties) = preSolution
		HideSolutionNode = FALSE
	EndGlobalSection
	GlobalSection(ExtensibilityGlobals) = postSolution
		SolutionGuid = {96337AB1-C5CF-4A55-BD4B-7AC5F59E0B3C}
	EndGlobalSection
EndGlobal
